
Microsoft Visual Studio Solution File, Format Version 12.00
Project("{FAE04EC0-301F-11D3-BF4B-00C04F79EFBC}") = "BooksApi", "BooksApi\BooksApi.csproj", "{001F0B08-8A6C-4D39-B4D8-4FD55B2412BB}"
EndProject
Project("{FAE04EC0-301F-11D3-BF4B-00C04F79EFBC}") = "BooksApi.UnitTests", "BooksApi.UnitTests\BooksApi.UnitTests.csproj", "{74D78264-8597-4CDE-AEA7-6BF93C95A7B3}"
EndProject
Global
	GlobalSection(SolutionConfigurationPlatforms) = preSolution
		Debug|Any CPU = Debug|Any CPU
		Release|Any CPU = Release|Any CPU
	EndGlobalSection
	GlobalSection(ProjectConfigurationPlatforms) = postSolution
		{001F0B08-8A6C-4D39-B4D8-4FD55B2412BB}.Debug|Any CPU.ActiveCfg = Debug|Any CPU
		{001F0B08-8A6C-4D39-B4D8-4FD55B2412BB}.Debug|Any CPU.Build.0 = Debug|Any CPU
		{001F0B08-8A6C-4D39-B4D8-4FD55B2412BB}.Release|Any CPU.ActiveCfg = Release|Any CPU
		{001F0B08-8A6C-4D39-B4D8-4FD55B2412BB}.Release|Any CPU.Build.0 = Release|Any CPU
		{74D78264-8597-4CDE-AEA7-6BF93C95A7B3}.Debug|Any CPU.ActiveCfg = Debug|Any CPU
		{74D78264-8597-4CDE-AEA7-6BF93C95A7B3}.Debug|Any CPU.Build.0 = Debug|Any CPU
		{74D78264-8597-4CDE-AEA7-6BF93C95A7B3}.Release|Any CPU.ActiveCfg = Release|Any CPU
		{74D78264-8597-4CDE-AEA7-6BF93C95A7B3}.Release|Any CPU.Build.0 = Release|Any CPU
	EndGlobalSection
EndGlobal
